# VERSIONS.lock — authoritative pinned versions for the workshop build.
# Written incrementally during the live build (BUILD-SPEC §6). verify-at-build
# items are confirmed and pinned here as each component is installed.

## Build host tooling (confirmed 2026-06-16, netcup VPS)
eksctl                 0.227.0
docker                 present (Engine Community)
kubectl                v1.36.2
helm                   v4.2.1
argocd-cli             v3.1.5
asciinema              TODO (install before Phase 9 recordings)

## Cloud / cluster
aws-account            515966504359 (Accenture; user nwuser)
region                 us-west-2
test-cluster           watch-it-burn-test (eksctl; EKS default k8s version)

## Component versions (research-grounded 2026-06-16; exact pins confirmed at install)
kagent                 chart 0.9.7  (CRD group kagent.dev/v1alpha2; Bedrock native)
                       chart ref: oci://ghcr.io/kagent-dev/kagent/helm/kagent (CONFIRMED reachable 2026-06-16)
                       crds ref:  oci://ghcr.io/kagent-dev/kagent/helm/kagent-crds (confirm at deploy)
vcluster               REMOVED (architecture = separate EKS cluster per attendee)
kyverno                app v1.18.1 / chart 3.8.1  (rule-level validate.failureAction)
argocd                 v3.4.3
falco                  0.44.1
kube-prometheus-stack  chart 86.2.3
otel-collector         v0.154.0 (contrib distro)
agentgateway           OSS v1.2.1  chart ref: oci://cr.agentgateway.dev/charts/agentgateway (CONFIRMED reachable 2026-06-16)
llm-guard-api          laiyer/llm-guard-api:0.3.16  (digest TODO at deploy)

## INSTALLED & VERIFIED on test cluster watch-it-burn-test (live, 2026-06-17)
eks-kubernetes         v1.34.8-eks-0de9cde
argo-cd                chart argo-cd-9.5.21        app v3.4.3   (deployed)
kyverno                chart kyverno-3.8.1         app v1.18.1  (deployed)
falco                  chart falco-9.1.0          app 0.44.1   (deployed)
kagent                 chart kagent-0.9.7         app 0.9.7    (running; helm status 'failed' due to --wait timeout, workloads healthy)
kagent-crds            chart kagent-crds-0.9.7
aws-ebs-csi-driver     EKS addon + IRSA role witb-ebs-csi-role; default gp3 StorageClass
agent-bedrock-irsa     role witb-agent-bedrock on sa attendee-test/agent-sa
kube-prometheus-stack  chart 86.2.3 app v0.91.0   (install wedged on test cluster; redo at observability step)
LIVE RESULT: Beat 1 verified (verify/beat-01.sh PASS); kagent agent answered a prompt
             through Bedrock us.anthropic.claude-sonnet-4-6 (A2A round-trip, 800 tokens).

## Bedrock model (verified live 2026-06-17)
workshop-model           us.anthropic.claude-haiku-4-5-20251001-v1:0 (inference profile; on-demand works)
                         use-case form submitted + model agreements created on account 515966504359.
