# VERSIONS.lock — authoritative pinned versions for the workshop build.
# Written incrementally during the live build (BUILD-SPEC §6). verify-at-build
# items are confirmed and pinned here as each component is installed.

## Build host tooling (confirmed 2026-06-16, netcup VPS)
eksctl                 0.227.0
docker                 present (Engine Community)
kubectl                v1.36.2
helm                   v4.2.1
argocd-cli             v3.1.5
asciinema              TODO (install before Phase 9 recordings)

## Cloud / cluster
aws-account            <ACCOUNT_ID> (Accenture; user nwuser)
region                 us-west-2
test-cluster           watch-it-burn-test (eksctl; EKS default k8s version)

## Component versions (research-grounded 2026-06-16; exact pins confirmed at install)
kagent                 chart 0.9.7  (CRD group kagent.dev/v1alpha2; Bedrock native)
vcluster               REMOVED (architecture = separate EKS cluster per attendee)
kyverno                app v1.18.1 / chart 3.8.1  (rule-level validate.failureAction)
argocd                 v3.4.3
falco                  0.44.1
kube-prometheus-stack  chart 86.2.3
otel-collector         v0.154.0 (contrib distro)
agentgateway           OSS v1.2.1 (oci://cr.agentgateway.dev/charts)
llm-guard-api          laiyer/llm-guard-api:0.3.16  (digest TODO at deploy)
