# VERSIONS.lock — authoritative pinned versions for the workshop build.
# Written incrementally during the live build (BUILD-SPEC §6). verify-at-build
# items are confirmed and pinned here as each component is installed.

## Build host tooling (confirmed 2026-06-16, netcup VPS)
eksctl                 0.227.0
docker                 present (Engine Community)
kubectl                v1.36.2
helm                   v4.2.1
argocd-cli             v3.1.5
asciinema              TODO (install before Phase 9 recordings)

## Cloud / cluster
aws-account            <ACCOUNT_ID> (Accenture; user nwuser)
region                 us-west-2
test-cluster           watch-it-burn-test (eksctl; EKS default k8s version)

## Component versions (research-grounded 2026-06-16; exact pins confirmed at install)
kagent                 chart 0.9.7  (CRD group kagent.dev/v1alpha2; Bedrock native)
                       chart ref: oci://ghcr.io/kagent-dev/kagent/helm/kagent (CONFIRMED reachable 2026-06-16)
                       crds ref:  oci://ghcr.io/kagent-dev/kagent/helm/kagent-crds (confirm at deploy)
vcluster               REMOVED (architecture = separate EKS cluster per attendee)
kyverno                app v1.18.1 / chart 3.8.1  (rule-level validate.failureAction)
argocd                 v3.4.3
falco                  0.44.1
kube-prometheus-stack  chart 86.2.3
otel-collector         v0.154.0 (contrib distro)
agentgateway           OSS v1.2.1  chart ref: oci://cr.agentgateway.dev/charts/agentgateway (CONFIRMED reachable 2026-06-16)
llm-guard-api          laiyer/llm-guard-api:0.3.16  (digest TODO at deploy)

## INSTALLED & VERIFIED on test cluster watch-it-burn-test (live, 2026-06-17)
eks-kubernetes         v1.34.8-eks-0de9cde
argo-cd                chart argo-cd-9.5.21        app v3.4.3   (deployed)
kyverno                chart kyverno-3.8.1         app v1.18.1  (deployed)
falco                  chart falco-9.1.0          app 0.44.1   (deployed)
kagent                 chart kagent-0.9.7         app 0.9.7    (running; helm status 'failed' due to --wait timeout, workloads healthy)
kagent-crds            chart kagent-crds-0.9.7
aws-ebs-csi-driver     EKS addon + IRSA role witb-ebs-csi-role; default gp3 StorageClass
agent-bedrock-irsa     role witb-agent-bedrock on sa attendee-test/agent-sa
kube-prometheus-stack  chart 86.2.3 app v0.91.0   (install wedged on test cluster; redo at observability step)
LIVE RESULT: Beat 1 verified (verify/beat-01.sh PASS); kagent agent answered a prompt
             through Bedrock us.anthropic.claude-sonnet-4-6 (A2A round-trip, 800 tokens).

## Bedrock model (verified live 2026-06-17)
workshop-model           us.anthropic.claude-haiku-4-5-20251001-v1:0 (inference profile; on-demand works)
                         use-case form submitted + model agreements created on account <ACCOUNT_ID>.

## IDP foundation (ported from kubeauto-ai-day, RE-PINNED to current GA 2026-06-18)
argo-cd                chart 9.5.21      app v3.4.3    (verified live)
kyverno                chart 3.8.1       app v1.18.1   (was 3.7.0)
falco                  chart 9.1.0       app 0.44.1    (was 8.0.0)
falcosidekick          chart 0.14.0      app 2.31.1    (was 0.12.1)
external-secrets       chart 2.6.0       app v2.6.0    (was 1.3.2; MAJOR v1->v2 — manifests use external-secrets.io/v1 GA, verify v2 still serves v1 at deploy)
cert-manager           chart v1.20.2                   (was v1.19.3)
kube-prometheus-stack  chart 86.2.3      app v0.91.0   (was 82.1.0)
loki                   chart 7.0.0       app 3.6.7     (was 6.29.0; MAJOR v6->v7 — review values at deploy)
tempo                  chart 1.24.4      app 2.9.0     (was 1.18.1)
grafana-alloy          chart 1.10.0      app v1.17.0   (REPLACES deprecated/EOL promtail 6.16.6)
opentelemetry-collector chart 0.158.2    app 0.153.0   (was 0.145.0)
backstage              chart 2.8.2                     (was 2.6.3)

## Kubernetes version (2026-06-18)
eks-kubernetes         1.35  (EKS default / most-tested GA on standard support; chosen over 1.36 for certainty). All cluster configs pinned.
